
Microsoft Visual Studio Solution File, Format Version 12.00
# Visual Studio Version 17
VisualStudioVersion = 17.8.34525.116
MinimumVisualStudioVersion = 10.0.40219.1
Project("{9A19103F-16F7-4668-BE54-9A1E7A4F7556}") = "Case_Itau_Pix.App", "Case_Itau_Pix.App\Case_Itau_Pix.App.csproj", "{3ED00F81-D64E-49A6-BE9C-56D7D8B4EB36}"
EndProject
Project("{9A19103F-16F7-4668-BE54-9A1E7A4F7556}") = "Case_Itau_Pix.Business", "Case_Itau_Pix.Business\Case_Itau_Pix.Business.csproj", "{9BDD1E2F-9D5B-4A0C-BBA7-8EF8A84C767D}"
EndProject
Project("{FAE04EC0-301F-11D3-BF4B-00C04F79EFBC}") = "Case_Itau_Pix.Tests", "Case_Itau_Pix.Tests\Case_Itau_Pix.Tests.csproj", "{ED16E419-7853-4F04-A878-E7DED9FE90C1}"
EndProject
Global
	GlobalSection(SolutionConfigurationPlatforms) = preSolution
		Debug|Any CPU = Debug|Any CPU
		Release|Any CPU = Release|Any CPU
	EndGlobalSection
	GlobalSection(ProjectConfigurationPlatforms) = postSolution
		{3ED00F81-D64E-49A6-BE9C-56D7D8B4EB36}.Debug|Any CPU.ActiveCfg = Debug|Any CPU
		{3ED00F81-D64E-49A6-BE9C-56D7D8B4EB36}.Debug|Any CPU.Build.0 = Debug|Any CPU
		{3ED00F81-D64E-49A6-BE9C-56D7D8B4EB36}.Release|Any CPU.ActiveCfg = Release|Any CPU
		{3ED00F81-D64E-49A6-BE9C-56D7D8B4EB36}.Release|Any CPU.Build.0 = Release|Any CPU
		{9BDD1E2F-9D5B-4A0C-BBA7-8EF8A84C767D}.Debug|Any CPU.ActiveCfg = Debug|Any CPU
		{9BDD1E2F-9D5B-4A0C-BBA7-8EF8A84C767D}.Debug|Any CPU.Build.0 = Debug|Any CPU
		{9BDD1E2F-9D5B-4A0C-BBA7-8EF8A84C767D}.Release|Any CPU.ActiveCfg = Release|Any CPU
		{9BDD1E2F-9D5B-4A0C-BBA7-8EF8A84C767D}.Release|Any CPU.Build.0 = Release|Any CPU
		{ED16E419-7853-4F04-A878-E7DED9FE90C1}.Debug|Any CPU.ActiveCfg = Debug|Any CPU
		{ED16E419-7853-4F04-A878-E7DED9FE90C1}.Debug|Any CPU.Build.0 = Debug|Any CPU
		{ED16E419-7853-4F04-A878-E7DED9FE90C1}.Release|Any CPU.ActiveCfg = Release|Any CPU
		{ED16E419-7853-4F04-A878-E7DED9FE90C1}.Release|Any CPU.Build.0 = Release|Any CPU
	EndGlobalSection
	GlobalSection(SolutionProperties) = preSolution
		HideSolutionNode = FALSE
	EndGlobalSection
	GlobalSection(ExtensibilityGlobals) = postSolution
		SolutionGuid = {73CA9079-965F-4592-BAAE-F2D4F608C036}
	EndGlobalSection
EndGlobal
